
Microsoft Visual Studio Solution File, Format Version 11.00
# Visual Studio 2010
Project("{FAE04EC0-301F-11D3-BF4B-00C04F79EFBC}") = "SpeedyTurtle", "SpeedyTurtle\SpeedyTurtle.csproj", "{B9BDC603-D310-4A9B-AB86-62A6EF072718}"
EndProject
Project("{2150E333-8FDC-42A3-9474-1A3956D46DE8}") = ".nuget", ".nuget", "{76F63C92-5F6A-4E72-8272-F6AF207795A0}"
	ProjectSection(SolutionItems) = preProject
		.nuget\NuGet.Config = .nuget\NuGet.Config
		.nuget\NuGet.exe = .nuget\NuGet.exe
		.nuget\NuGet.targets = .nuget\NuGet.targets
	EndProjectSection
EndProject
Global
	GlobalSection(SolutionConfigurationPlatforms) = preSolution
		Debug|Any CPU = Debug|Any CPU
		Release|Any CPU = Release|Any CPU
	EndGlobalSection
	GlobalSection(ProjectConfigurationPlatforms) = postSolution
		{B9BDC603-D310-4A9B-AB86-62A6EF072718}.Debug|Any CPU.ActiveCfg = Debug|Any CPU
		{B9BDC603-D310-4A9B-AB86-62A6EF072718}.Debug|Any CPU.Build.0 = Debug|Any CPU
		{B9BDC603-D310-4A9B-AB86-62A6EF072718}.Release|Any CPU.ActiveCfg = Release|Any CPU
		{B9BDC603-D310-4A9B-AB86-62A6EF072718}.Release|Any CPU.Build.0 = Release|Any CPU
	EndGlobalSection
	GlobalSection(SolutionProperties) = preSolution
		HideSolutionNode = FALSE
	EndGlobalSection
EndGlobal
